
Microsoft Visual Studio Solution File, Format Version 12.00
# Visual Studio Version 17
VisualStudioVersion = 17.5.33424.131
MinimumVisualStudioVersion = 10.0.40219.1
Project("{FAE04EC0-301F-11D3-BF4B-00C04F79EFBC}") = "calcolator", "calcolator\calcolator.csproj", "{A2AD3696-266E-4E90-A279-AA7343A8E095}"
EndProject
Global
	GlobalSection(SolutionConfigurationPlatforms) = preSolution
		Debug|Any CPU = Debug|Any CPU
		Release|Any CPU = Release|Any CPU
	EndGlobalSection
	GlobalSection(ProjectConfigurationPlatforms) = postSolution
		{A2AD3696-266E-4E90-A279-AA7343A8E095}.Debug|Any CPU.ActiveCfg = Debug|Any CPU
		{A2AD3696-266E-4E90-A279-AA7343A8E095}.Debug|Any CPU.Build.0 = Debug|Any CPU
		{A2AD3696-266E-4E90-A279-AA7343A8E095}.Release|Any CPU.ActiveCfg = Release|Any CPU
		{A2AD3696-266E-4E90-A279-AA7343A8E095}.Release|Any CPU.Build.0 = Release|Any CPU
	EndGlobalSection
	GlobalSection(SolutionProperties) = preSolution
		HideSolutionNode = FALSE
	EndGlobalSection
	GlobalSection(ExtensibilityGlobals) = postSolution
		SolutionGuid = {E0C32599-5BBD-4609-AF32-74ECFB2F8EA2}
	EndGlobalSection
EndGlobal
